
Microsoft Visual Studio Solution File, Format Version 12.00
# Visual Studio Version 17
VisualStudioVersion = 17.13.35828.75
MinimumVisualStudioVersion = 10.0.40219.1
Project("{FAE04EC0-301F-11D3-BF4B-00C04F79EFBC}") = "BlazorApp1", "BlazorApp1\BlazorApp1.csproj", "{ADB135B6-6A92-4010-8AB4-600421C9C24C}"
EndProject
Global
	GlobalSection(SolutionConfigurationPlatforms) = preSolution
		Debug|Any CPU = Debug|Any CPU
		Debug|x64 = Debug|x64
		Release|Any CPU = Release|Any CPU
		Release|x64 = Release|x64
	EndGlobalSection
	GlobalSection(ProjectConfigurationPlatforms) = postSolution
		{ADB135B6-6A92-4010-8AB4-600421C9C24C}.Debug|Any CPU.ActiveCfg = Debug|Any CPU
		{ADB135B6-6A92-4010-8AB4-600421C9C24C}.Debug|Any CPU.Build.0 = Debug|Any CPU
		{ADB135B6-6A92-4010-8AB4-600421C9C24C}.Debug|x64.ActiveCfg = Debug|x64
		{ADB135B6-6A92-4010-8AB4-600421C9C24C}.Debug|x64.Build.0 = Debug|x64
		{ADB135B6-6A92-4010-8AB4-600421C9C24C}.Release|Any CPU.ActiveCfg = Release|Any CPU
		{ADB135B6-6A92-4010-8AB4-600421C9C24C}.Release|Any CPU.Build.0 = Release|Any CPU
		{ADB135B6-6A92-4010-8AB4-600421C9C24C}.Release|x64.ActiveCfg = Release|x64
		{ADB135B6-6A92-4010-8AB4-600421C9C24C}.Release|x64.Build.0 = Release|x64
	EndGlobalSection
	GlobalSection(SolutionProperties) = preSolution
		HideSolutionNode = FALSE
	EndGlobalSection
	GlobalSection(ExtensibilityGlobals) = postSolution
		SolutionGuid = {8FA0F815-26CE-4B87-BCD3-4AE0F44BBF6A}
	EndGlobalSection
EndGlobal
